
Microsoft Visual Studio Solution File, Format Version 12.00
# Visual Studio Version 16
VisualStudioVersion = 16.0.29911.84
MinimumVisualStudioVersion = 10.0.40219.1
Project("{9A19103F-16F7-4668-BE54-9A1E7A4F7556}") = "SeaShell.Core", "SeaShell.Core\SeaShell.Core.csproj", "{16D0EC9C-E886-42CB-AC86-5258DC107B44}"
EndProject
Project("{9A19103F-16F7-4668-BE54-9A1E7A4F7556}") = "SeaShell.Test", "SeaShell.Test\SeaShell.Test.csproj", "{082FE257-2CAB-479E-8DF3-3A62D3D91481}"
EndProject
Project("{9A19103F-16F7-4668-BE54-9A1E7A4F7556}") = "SeaShell", "SeaShell\SeaShell.csproj", "{935395F0-DA5C-4E91-8D74-D05EBD7C2C5A}"
EndProject
Project("{9A19103F-16F7-4668-BE54-9A1E7A4F7556}") = "SeaShell.IO", "SeaShell.IO\SeaShell.IO.csproj", "{61D21A65-6DF2-45EC-BF43-3050187A4E15}"
EndProject
Project("{FAE04EC0-301F-11D3-BF4B-00C04F79EFBC}") = "MareNostrum.TimeTracker", "MareNostrum.TimeTracker\MareNostrum.TimeTracker.csproj", "{0FF8A2F7-26CF-46D2-9BF3-F115CA6D9058}"
EndProject
Global
	GlobalSection(SolutionConfigurationPlatforms) = preSolution
		Debug|Any CPU = Debug|Any CPU
		Release|Any CPU = Release|Any CPU
	EndGlobalSection
	GlobalSection(ProjectConfigurationPlatforms) = postSolution
		{16D0EC9C-E886-42CB-AC86-5258DC107B44}.Debug|Any CPU.ActiveCfg = Debug|Any CPU
		{16D0EC9C-E886-42CB-AC86-5258DC107B44}.Debug|Any CPU.Build.0 = Debug|Any CPU
		{16D0EC9C-E886-42CB-AC86-5258DC107B44}.Release|Any CPU.ActiveCfg = Release|Any CPU
		{16D0EC9C-E886-42CB-AC86-5258DC107B44}.Release|Any CPU.Build.0 = Release|Any CPU
		{082FE257-2CAB-479E-8DF3-3A62D3D91481}.Debug|Any CPU.ActiveCfg = Debug|Any CPU
		{082FE257-2CAB-479E-8DF3-3A62D3D91481}.Debug|Any CPU.Build.0 = Debug|Any CPU
		{082FE257-2CAB-479E-8DF3-3A62D3D91481}.Release|Any CPU.ActiveCfg = Release|Any CPU
		{082FE257-2CAB-479E-8DF3-3A62D3D91481}.Release|Any CPU.Build.0 = Release|Any CPU
		{935395F0-DA5C-4E91-8D74-D05EBD7C2C5A}.Debug|Any CPU.ActiveCfg = Debug|Any CPU
		{935395F0-DA5C-4E91-8D74-D05EBD7C2C5A}.Debug|Any CPU.Build.0 = Debug|Any CPU
		{935395F0-DA5C-4E91-8D74-D05EBD7C2C5A}.Release|Any CPU.ActiveCfg = Release|Any CPU
		{935395F0-DA5C-4E91-8D74-D05EBD7C2C5A}.Release|Any CPU.Build.0 = Release|Any CPU
		{61D21A65-6DF2-45EC-BF43-3050187A4E15}.Debug|Any CPU.ActiveCfg = Debug|Any CPU
		{61D21A65-6DF2-45EC-BF43-3050187A4E15}.Debug|Any CPU.Build.0 = Debug|Any CPU
		{61D21A65-6DF2-45EC-BF43-3050187A4E15}.Release|Any CPU.ActiveCfg = Release|Any CPU
		{61D21A65-6DF2-45EC-BF43-3050187A4E15}.Release|Any CPU.Build.0 = Release|Any CPU
		{0FF8A2F7-26CF-46D2-9BF3-F115CA6D9058}.Debug|Any CPU.ActiveCfg = Debug|Any CPU
		{0FF8A2F7-26CF-46D2-9BF3-F115CA6D9058}.Debug|Any CPU.Build.0 = Debug|Any CPU
		{0FF8A2F7-26CF-46D2-9BF3-F115CA6D9058}.Release|Any CPU.ActiveCfg = Release|Any CPU
		{0FF8A2F7-26CF-46D2-9BF3-F115CA6D9058}.Release|Any CPU.Build.0 = Release|Any CPU
	EndGlobalSection
	GlobalSection(SolutionProperties) = preSolution
		HideSolutionNode = FALSE
	EndGlobalSection
	GlobalSection(ExtensibilityGlobals) = postSolution
		SolutionGuid = {25698E1A-2C4F-4090-8A72-67C7753E048F}
	EndGlobalSection
EndGlobal
